// !$*UTF8*$!
{
	archiveVersion = 1;
	classes = {
	};
	objectVersion = 56;
	objects = {

/* Begin PBXBuildFile section */
		BB0752FE2C6B3E6800842062 /* Pace_Zip.swift in Sources */ = {isa = PBXBuildFile; fileRef = BB0752972C6B3E6800842062 /* Pace_Zip.swift */; };
		BB0752FF2C6B3E6800842062 /* Pace.swift in Sources */ = {isa = PBXBuildFile; fileRef = BB0752982C6B3E6800842062 /* Pace.swift */; };
		BB0753002C6B3E6800842062 /* DisplayLink.swift in Sources */ = {isa = PBXBuildFile; fileRef = BB07529A2C6B3E6800842062 /* DisplayLink.swift */; };
		BB0753012C6B3E6800842062 /* ProgressGenerate.swift in Sources */ = {isa = PBXBuildFile; fileRef = BB07529B2C6B3E6800842062 /* ProgressGenerate.swift */; };
		BB0753022C6B3E6800842062 /* Setter.swift in Sources */ = {isa = PBXBuildFile; fileRef = BB07529D2C6B3E6800842062 /* Setter.swift */; };
		BB0753032C6B3E6800842062 /* Cursorable.swift in Sources */ = {isa = PBXBuildFile; fileRef = BB07529F2C6B3E6800842062 /* Cursorable.swift */; };
		BB0753042C6B3E6800842062 /* MouseTracker.swift in Sources */ = {isa = PBXBuildFile; fileRef = BB0752A02C6B3E6800842062 /* MouseTracker.swift */; };
		BB0753052C6B3E6800842062 /* UserInteractionable.swift in Sources */ = {isa = PBXBuildFile; fileRef = BB0752A12C6B3E6800842062 /* UserInteractionable.swift */; };
		BB0753062C6B3E6800842062 /* ViewBehaver.swift in Sources */ = {isa = PBXBuildFile; fileRef = BB0752A22C6B3E6800842062 /* ViewBehaver.swift */; };
		BB0753072C6B3E6800842062 /* Blocked.swift in Sources */ = {isa = PBXBuildFile; fileRef = BB0752A42C6B3E6800842062 /* Blocked.swift */; };
		BB0753082C6B3E6800842062 /* Keychained.swift in Sources */ = {isa = PBXBuildFile; fileRef = BB0752A52C6B3E6800842062 /* Keychained.swift */; };
		BB0753092C6B3E6800842062 /* Notificated.swift in Sources */ = {isa = PBXBuildFile; fileRef = BB0752A62C6B3E6800842062 /* Notificated.swift */; };
		BB07530A2C6B3E6800842062 /* UserDefaulted.swift in Sources */ = {isa = PBXBuildFile; fileRef = BB0752A72C6B3E6800842062 /* UserDefaulted.swift */; };
		BB07530B2C6B3E6800842062 /* Weak.swift in Sources */ = {isa = PBXBuildFile; fileRef = BB0752A82C6B3E6800842062 /* Weak.swift */; };
		BB07530C2C6B3E6800842062 /* SpacingButtonCell.swift in Sources */ = {isa = PBXBuildFile; fileRef = BB0752AB2C6B3E6800842062 /* SpacingButtonCell.swift */; };
		BB07530D2C6B3E6800842062 /* CenterSecureTextFieldCell.swift in Sources */ = {isa = PBXBuildFile; fileRef = BB0752AD2C6B3E6800842062 /* CenterSecureTextFieldCell.swift */; };
		BB07530E2C6B3E6800842062 /* CenterTextFieldCell.swift in Sources */ = {isa = PBXBuildFile; fileRef = BB0752AE2C6B3E6800842062 /* CenterTextFieldCell.swift */; };
		BB07530F2C6B3E6800842062 /* GradientButton.swift in Sources */ = {isa = PBXBuildFile; fileRef = BB0752B12C6B3E6800842062 /* GradientButton.swift */; };
		BB0753102C6B3E6800842062 /* GradientView.swift in Sources */ = {isa = PBXBuildFile; fileRef = BB0752B22C6B3E6800842062 /* GradientView.swift */; };
		BB0753112C6B3E6800842062 /* Interactive.swift in Sources */ = {isa = PBXBuildFile; fileRef = BB0752B32C6B3E6800842062 /* Interactive.swift */; };
		BB0753122C6B3E6800842062 /* InteractiveButton.swift in Sources */ = {isa = PBXBuildFile; fileRef = BB0752B42C6B3E6800842062 /* InteractiveButton.swift */; };
		BB0753132C6B3E6800842062 /* InteractiveLabel.swift in Sources */ = {isa = PBXBuildFile; fileRef = BB0752B52C6B3E6800842062 /* InteractiveLabel.swift */; };
		BB0753142C6B3E6800842062 /* InteractiveView.swift in Sources */ = {isa = PBXBuildFile; fileRef = BB0752B62C6B3E6800842062 /* InteractiveView.swift */; };
		BB0753152C6B3E6800842062 /* NibInstantiate.swift in Sources */ = {isa = PBXBuildFile; fileRef = BB0752B82C6B3E6800842062 /* NibInstantiate.swift */; };
		BB0753162C6B3E6800842062 /* NSViewController_Popover.swift in Sources */ = {isa = PBXBuildFile; fileRef = BB0752BA2C6B3E6800842062 /* NSViewController_Popover.swift */; };
		BB0753172C6B3E6800842062 /* NSWindow_Popover.swift in Sources */ = {isa = PBXBuildFile; fileRef = BB0752BB2C6B3E6800842062 /* NSWindow_Popover.swift */; };
		BB0753182C6B3E6800842062 /* PopoverViewController.swift in Sources */ = {isa = PBXBuildFile; fileRef = BB0752BC2C6B3E6800842062 /* PopoverViewController.swift */; };
		BB0753192C6B3E6800842062 /* PopoverWindow.swift in Sources */ = {isa = PBXBuildFile; fileRef = BB0752BD2C6B3E6800842062 /* PopoverWindow.swift */; };
		BB07531A2C6B3E6800842062 /* ProgressHUD.swift in Sources */ = {isa = PBXBuildFile; fileRef = BB0752BF2C6B3E6800842062 /* ProgressHUD.swift */; };
		BB07531B2C6B3E6800842062 /* LineProgressView.swift in Sources */ = {isa = PBXBuildFile; fileRef = BB0752C12C6B3E6800842062 /* LineProgressView.swift */; };
		BB07531C2C6B3E6800842062 /* PlainTextField.swift in Sources */ = {isa = PBXBuildFile; fileRef = BB0752C32C6B3E6800842062 /* PlainTextField.swift */; };
		BB07531D2C6B3E6800842062 /* SecurePlainTextField.swift in Sources */ = {isa = PBXBuildFile; fileRef = BB0752C42C6B3E6800842062 /* SecurePlainTextField.swift */; };
		BB07531E2C6B3E6800842062 /* NSViewController_Sheet.swift in Sources */ = {isa = PBXBuildFile; fileRef = BB0752C62C6B3E6800842062 /* NSViewController_Sheet.swift */; };
		BB07531F2C6B3E6800842062 /* NSWindow_Sheet.swift in Sources */ = {isa = PBXBuildFile; fileRef = BB0752C72C6B3E6800842062 /* NSWindow_Sheet.swift */; };
		BB0753202C6B3E6800842062 /* SheetWindow.swift in Sources */ = {isa = PBXBuildFile; fileRef = BB0752C82C6B3E6800842062 /* SheetWindow.swift */; };
		BB0753212C6B3E6800842062 /* ConeSlider.swift in Sources */ = {isa = PBXBuildFile; fileRef = BB0752CA2C6B3E6800842062 /* ConeSlider.swift */; };
		BB0753222C6B3E6800842062 /* ConeSwitch.swift in Sources */ = {isa = PBXBuildFile; fileRef = BB0752CC2C6B3E6800842062 /* ConeSwitch.swift */; };
		BB0753232C6B3E6800842062 /* NSBezierPath_Kit.swift in Sources */ = {isa = PBXBuildFile; fileRef = BB0752CF2C6B3E6800842062 /* NSBezierPath_Kit.swift */; };
		BB0753242C6B3E6800842062 /* NSButton_Kit.swift in Sources */ = {isa = PBXBuildFile; fileRef = BB0752D12C6B3E6800842062 /* NSButton_Kit.swift */; };
		BB0753252C6B3E6800842062 /* NSColor_Kit.swift in Sources */ = {isa = PBXBuildFile; fileRef = BB0752D32C6B3E6800842062 /* NSColor_Kit.swift */; };
		BB0753262C6B3E6800842062 /* NSFont_Kit.swift in Sources */ = {isa = PBXBuildFile; fileRef = BB0752D52C6B3E6800842062 /* NSFont_Kit.swift */; };
		BB0753272C6B3E6800842062 /* NSLayoutConstraint_Kit.swift in Sources */ = {isa = PBXBuildFile; fileRef = BB0752D72C6B3E6800842062 /* NSLayoutConstraint_Kit.swift */; };
		BB0753282C6B3E6800842062 /* NSTableView_Kit.swift in Sources */ = {isa = PBXBuildFile; fileRef = BB0752D92C6B3E6800842062 /* NSTableView_Kit.swift */; };
		BB0753292C6B3E6800842062 /* NSWindow_Kit.swift in Sources */ = {isa = PBXBuildFile; fileRef = BB0752DB2C6B3E6800842062 /* NSWindow_Kit.swift */; };
		BB07532A2C6B3E6800842062 /* Array_Kit.swift in Sources */ = {isa = PBXBuildFile; fileRef = BB0752DE2C6B3E6800842062 /* Array_Kit.swift */; };
		BB07532B2C6B3E6800842062 /* Bool_Kit.swift in Sources */ = {isa = PBXBuildFile; fileRef = BB0752E02C6B3E6800842062 /* Bool_Kit.swift */; };
		BB07532C2C6B3E6800842062 /* CGPoint_Kit.swift in Sources */ = {isa = PBXBuildFile; fileRef = BB0752E22C6B3E6800842062 /* CGPoint_Kit.swift */; };
		BB07532D2C6B3E6800842062 /* CGRect_Kit.swift in Sources */ = {isa = PBXBuildFile; fileRef = BB0752E42C6B3E6800842062 /* CGRect_Kit.swift */; };
		BB07532E2C6B3E6800842062 /* CGSize_Kit.swift in Sources */ = {isa = PBXBuildFile; fileRef = BB0752E62C6B3E6800842062 /* CGSize_Kit.swift */; };
		BB07532F2C6B3E6800842062 /* Collection_Kit.swift in Sources */ = {isa = PBXBuildFile; fileRef = BB0752E82C6B3E6800842062 /* Collection_Kit.swift */; };
		BB0753302C6B3E6800842062 /* Data_Kit.swift in Sources */ = {isa = PBXBuildFile; fileRef = BB0752EA2C6B3E6800842062 /* Data_Kit.swift */; };
		BB0753312C6B3E6800842062 /* Date_Kit.swift in Sources */ = {isa = PBXBuildFile; fileRef = BB0752EC2C6B3E6800842062 /* Date_Kit.swift */; };
		BB0753322C6B3E6800842062 /* Dictionary_Kit.swift in Sources */ = {isa = PBXBuildFile; fileRef = BB0752EE2C6B3E6800842062 /* Dictionary_Kit.swift */; };
		BB0753332C6B3E6800842062 /* NSObject_Kit.swift in Sources */ = {isa = PBXBuildFile; fileRef = BB0752F02C6B3E6800842062 /* NSObject_Kit.swift */; };
		BB0753342C6B3E6800842062 /* String_Bundle.swift in Sources */ = {isa = PBXBuildFile; fileRef = BB0752F22C6B3E6800842062 /* String_Bundle.swift */; };
		BB0753352C6B3E6800842062 /* String_Kit.swift in Sources */ = {isa = PBXBuildFile; fileRef = BB0752F32C6B3E6800842062 /* String_Kit.swift */; };
		BB0753362C6B3E6800842062 /* String_MD5.swift in Sources */ = {isa = PBXBuildFile; fileRef = BB0752F42C6B3E6800842062 /* String_MD5.swift */; };
		BB0753372C6B3E6800842062 /* URL_Kit.swift in Sources */ = {isa = PBXBuildFile; fileRef = BB0752F62C6B3E6800842062 /* URL_Kit.swift */; };
		BB0753382C6B3E6800842062 /* ListViewRegisterViewProtocol.swift in Sources */ = {isa = PBXBuildFile; fileRef = BB0752FA2C6B3E6800842062 /* ListViewRegisterViewProtocol.swift */; };
		BB0753392C6B3E6800842062 /* InterfaceBuilder_Duplicates.swift in Sources */ = {isa = PBXBuildFile; fileRef = BB0752FC2C6B3E6800842062 /* InterfaceBuilder_Duplicates.swift */; };
/* End PBXBuildFile section */

/* Begin PBXFileReference section */
		BB0752972C6B3E6800842062 /* Pace_Zip.swift */ = {isa = PBXFileReference; fileEncoding = 4; lastKnownFileType = sourcecode.swift; path = Pace_Zip.swift; sourceTree = "<group>"; };
		BB0752982C6B3E6800842062 /* Pace.swift */ = {isa = PBXFileReference; fileEncoding = 4; lastKnownFileType = sourcecode.swift; path = Pace.swift; sourceTree = "<group>"; };
		BB07529A2C6B3E6800842062 /* DisplayLink.swift */ = {isa = PBXFileReference; fileEncoding = 4; lastKnownFileType = sourcecode.swift; path = DisplayLink.swift; sourceTree = "<group>"; };
		BB07529B2C6B3E6800842062 /* ProgressGenerate.swift */ = {isa = PBXFileReference; fileEncoding = 4; lastKnownFileType = sourcecode.swift; path = ProgressGenerate.swift; sourceTree = "<group>"; };
		BB07529D2C6B3E6800842062 /* Setter.swift */ = {isa = PBXFileReference; fileEncoding = 4; lastKnownFileType = sourcecode.swift; path = Setter.swift; sourceTree = "<group>"; };
		BB07529F2C6B3E6800842062 /* Cursorable.swift */ = {isa = PBXFileReference; fileEncoding = 4; lastKnownFileType = sourcecode.swift; path = Cursorable.swift; sourceTree = "<group>"; };
		BB0752A02C6B3E6800842062 /* MouseTracker.swift */ = {isa = PBXFileReference; fileEncoding = 4; lastKnownFileType = sourcecode.swift; path = MouseTracker.swift; sourceTree = "<group>"; };
		BB0752A12C6B3E6800842062 /* UserInteractionable.swift */ = {isa = PBXFileReference; fileEncoding = 4; lastKnownFileType = sourcecode.swift; path = UserInteractionable.swift; sourceTree = "<group>"; };
		BB0752A22C6B3E6800842062 /* ViewBehaver.swift */ = {isa = PBXFileReference; fileEncoding = 4; lastKnownFileType = sourcecode.swift; path = ViewBehaver.swift; sourceTree = "<group>"; };
		BB0752A42C6B3E6800842062 /* Blocked.swift */ = {isa = PBXFileReference; fileEncoding = 4; lastKnownFileType = sourcecode.swift; path = Blocked.swift; sourceTree = "<group>"; };
		BB0752A52C6B3E6800842062 /* Keychained.swift */ = {isa = PBXFileReference; fileEncoding = 4; lastKnownFileType = sourcecode.swift; path = Keychained.swift; sourceTree = "<group>"; };
		BB0752A62C6B3E6800842062 /* Notificated.swift */ = {isa = PBXFileReference; fileEncoding = 4; lastKnownFileType = sourcecode.swift; path = Notificated.swift; sourceTree = "<group>"; };
		BB0752A72C6B3E6800842062 /* UserDefaulted.swift */ = {isa = PBXFileReference; fileEncoding = 4; lastKnownFileType = sourcecode.swift; path = UserDefaulted.swift; sourceTree = "<group>"; };
		BB0752A82C6B3E6800842062 /* Weak.swift */ = {isa = PBXFileReference; fileEncoding = 4; lastKnownFileType = sourcecode.swift; path = Weak.swift; sourceTree = "<group>"; };
		BB0752AB2C6B3E6800842062 /* SpacingButtonCell.swift */ = {isa = PBXFileReference; fileEncoding = 4; lastKnownFileType = sourcecode.swift; path = SpacingButtonCell.swift; sourceTree = "<group>"; };
		BB0752AD2C6B3E6800842062 /* CenterSecureTextFieldCell.swift */ = {isa = PBXFileReference; fileEncoding = 4; lastKnownFileType = sourcecode.swift; path = CenterSecureTextFieldCell.swift; sourceTree = "<group>"; };
		BB0752AE2C6B3E6800842062 /* CenterTextFieldCell.swift */ = {isa = PBXFileReference; fileEncoding = 4; lastKnownFileType = sourcecode.swift; path = CenterTextFieldCell.swift; sourceTree = "<group>"; };
		BB0752B12C6B3E6800842062 /* GradientButton.swift */ = {isa = PBXFileReference; fileEncoding = 4; lastKnownFileType = sourcecode.swift; path = GradientButton.swift; sourceTree = "<group>"; };
		BB0752B22C6B3E6800842062 /* GradientView.swift */ = {isa = PBXFileReference; fileEncoding = 4; lastKnownFileType = sourcecode.swift; path = GradientView.swift; sourceTree = "<group>"; };
		BB0752B32C6B3E6800842062 /* Interactive.swift */ = {isa = PBXFileReference; fileEncoding = 4; lastKnownFileType = sourcecode.swift; path = Interactive.swift; sourceTree = "<group>"; };
		BB0752B42C6B3E6800842062 /* InteractiveButton.swift */ = {isa = PBXFileReference; fileEncoding = 4; lastKnownFileType = sourcecode.swift; path = InteractiveButton.swift; sourceTree = "<group>"; };
		BB0752B52C6B3E6800842062 /* InteractiveLabel.swift */ = {isa = PBXFileReference; fileEncoding = 4; lastKnownFileType = sourcecode.swift; path = InteractiveLabel.swift; sourceTree = "<group>"; };
		BB0752B62C6B3E6800842062 /* InteractiveView.swift */ = {isa = PBXFileReference; fileEncoding = 4; lastKnownFileType = sourcecode.swift; path = InteractiveView.swift; sourceTree = "<group>"; };
		BB0752B82C6B3E6800842062 /* NibInstantiate.swift */ = {isa = PBXFileReference; fileEncoding = 4; lastKnownFileType = sourcecode.swift; path = NibInstantiate.swift; sourceTree = "<group>"; };
		BB0752BA2C6B3E6800842062 /* NSViewController_Popover.swift */ = {isa = PBXFileReference; fileEncoding = 4; lastKnownFileType = sourcecode.swift; path = NSViewController_Popover.swift; sourceTree = "<group>"; };
		BB0752BB2C6B3E6800842062 /* NSWindow_Popover.swift */ = {isa = PBXFileReference; fileEncoding = 4; lastKnownFileType = sourcecode.swift; path = NSWindow_Popover.swift; sourceTree = "<group>"; };
		BB0752BC2C6B3E6800842062 /* PopoverViewController.swift */ = {isa = PBXFileReference; fileEncoding = 4; lastKnownFileType = sourcecode.swift; path = PopoverViewController.swift; sourceTree = "<group>"; };
		BB0752BD2C6B3E6800842062 /* PopoverWindow.swift */ = {isa = PBXFileReference; fileEncoding = 4; lastKnownFileType = sourcecode.swift; path = PopoverWindow.swift; sourceTree = "<group>"; };
		BB0752BF2C6B3E6800842062 /* ProgressHUD.swift */ = {isa = PBXFileReference; fileEncoding = 4; lastKnownFileType = sourcecode.swift; path = ProgressHUD.swift; sourceTree = "<group>"; };
		BB0752C12C6B3E6800842062 /* LineProgressView.swift */ = {isa = PBXFileReference; fileEncoding = 4; lastKnownFileType = sourcecode.swift; path = LineProgressView.swift; sourceTree = "<group>"; };
		BB0752C32C6B3E6800842062 /* PlainTextField.swift */ = {isa = PBXFileReference; fileEncoding = 4; lastKnownFileType = sourcecode.swift; path = PlainTextField.swift; sourceTree = "<group>"; };
		BB0752C42C6B3E6800842062 /* SecurePlainTextField.swift */ = {isa = PBXFileReference; fileEncoding = 4; lastKnownFileType = sourcecode.swift; path = SecurePlainTextField.swift; sourceTree = "<group>"; };
		BB0752C62C6B3E6800842062 /* NSViewController_Sheet.swift */ = {isa = PBXFileReference; fileEncoding = 4; lastKnownFileType = sourcecode.swift; path = NSViewController_Sheet.swift; sourceTree = "<group>"; };
		BB0752C72C6B3E6800842062 /* NSWindow_Sheet.swift */ = {isa = PBXFileReference; fileEncoding = 4; lastKnownFileType = sourcecode.swift; path = NSWindow_Sheet.swift; sourceTree = "<group>"; };
		BB0752C82C6B3E6800842062 /* SheetWindow.swift */ = {isa = PBXFileReference; fileEncoding = 4; lastKnownFileType = sourcecode.swift; path = SheetWindow.swift; sourceTree = "<group>"; };
		BB0752CA2C6B3E6800842062 /* ConeSlider.swift */ = {isa = PBXFileReference; fileEncoding = 4; lastKnownFileType = sourcecode.swift; path = ConeSlider.swift; sourceTree = "<group>"; };
		BB0752CC2C6B3E6800842062 /* ConeSwitch.swift */ = {isa = PBXFileReference; fileEncoding = 4; lastKnownFileType = sourcecode.swift; path = ConeSwitch.swift; sourceTree = "<group>"; };
		BB0752CF2C6B3E6800842062 /* NSBezierPath_Kit.swift */ = {isa = PBXFileReference; fileEncoding = 4; lastKnownFileType = sourcecode.swift; path = NSBezierPath_Kit.swift; sourceTree = "<group>"; };
		BB0752D12C6B3E6800842062 /* NSButton_Kit.swift */ = {isa = PBXFileReference; fileEncoding = 4; lastKnownFileType = sourcecode.swift; path = NSButton_Kit.swift; sourceTree = "<group>"; };
		BB0752D32C6B3E6800842062 /* NSColor_Kit.swift */ = {isa = PBXFileReference; fileEncoding = 4; lastKnownFileType = sourcecode.swift; path = NSColor_Kit.swift; sourceTree = "<group>"; };
		BB0752D52C6B3E6800842062 /* NSFont_Kit.swift */ = {isa = PBXFileReference; fileEncoding = 4; lastKnownFileType = sourcecode.swift; path = NSFont_Kit.swift; sourceTree = "<group>"; };
		BB0752D72C6B3E6800842062 /* NSLayoutConstraint_Kit.swift */ = {isa = PBXFileReference; fileEncoding = 4; lastKnownFileType = sourcecode.swift; path = NSLayoutConstraint_Kit.swift; sourceTree = "<group>"; };
		BB0752D92C6B3E6800842062 /* NSTableView_Kit.swift */ = {isa = PBXFileReference; fileEncoding = 4; lastKnownFileType = sourcecode.swift; path = NSTableView_Kit.swift; sourceTree = "<group>"; };
		BB0752DB2C6B3E6800842062 /* NSWindow_Kit.swift */ = {isa = PBXFileReference; fileEncoding = 4; lastKnownFileType = sourcecode.swift; path = NSWindow_Kit.swift; sourceTree = "<group>"; };
		BB0752DE2C6B3E6800842062 /* Array_Kit.swift */ = {isa = PBXFileReference; fileEncoding = 4; lastKnownFileType = sourcecode.swift; path = Array_Kit.swift; sourceTree = "<group>"; };
		BB0752E02C6B3E6800842062 /* Bool_Kit.swift */ = {isa = PBXFileReference; fileEncoding = 4; lastKnownFileType = sourcecode.swift; path = Bool_Kit.swift; sourceTree = "<group>"; };
		BB0752E22C6B3E6800842062 /* CGPoint_Kit.swift */ = {isa = PBXFileReference; fileEncoding = 4; lastKnownFileType = sourcecode.swift; path = CGPoint_Kit.swift; sourceTree = "<group>"; };
		BB0752E42C6B3E6800842062 /* CGRect_Kit.swift */ = {isa = PBXFileReference; fileEncoding = 4; lastKnownFileType = sourcecode.swift; path = CGRect_Kit.swift; sourceTree = "<group>"; };
		BB0752E62C6B3E6800842062 /* CGSize_Kit.swift */ = {isa = PBXFileReference; fileEncoding = 4; lastKnownFileType = sourcecode.swift; path = CGSize_Kit.swift; sourceTree = "<group>"; };
		BB0752E82C6B3E6800842062 /* Collection_Kit.swift */ = {isa = PBXFileReference; fileEncoding = 4; lastKnownFileType = sourcecode.swift; path = Collection_Kit.swift; sourceTree = "<group>"; };
		BB0752EA2C6B3E6800842062 /* Data_Kit.swift */ = {isa = PBXFileReference; fileEncoding = 4; lastKnownFileType = sourcecode.swift; path = Data_Kit.swift; sourceTree = "<group>"; };
		BB0752EC2C6B3E6800842062 /* Date_Kit.swift */ = {isa = PBXFileReference; fileEncoding = 4; lastKnownFileType = sourcecode.swift; path = Date_Kit.swift; sourceTree = "<group>"; };
		BB0752EE2C6B3E6800842062 /* Dictionary_Kit.swift */ = {isa = PBXFileReference; fileEncoding = 4; lastKnownFileType = sourcecode.swift; path = Dictionary_Kit.swift; sourceTree = "<group>"; };
		BB0752F02C6B3E6800842062 /* NSObject_Kit.swift */ = {isa = PBXFileReference; fileEncoding = 4; lastKnownFileType = sourcecode.swift; path = NSObject_Kit.swift; sourceTree = "<group>"; };
		BB0752F22C6B3E6800842062 /* String_Bundle.swift */ = {isa = PBXFileReference; fileEncoding = 4; lastKnownFileType = sourcecode.swift; path = String_Bundle.swift; sourceTree = "<group>"; };
		BB0752F32C6B3E6800842062 /* String_Kit.swift */ = {isa = PBXFileReference; fileEncoding = 4; lastKnownFileType = sourcecode.swift; path = String_Kit.swift; sourceTree = "<group>"; };
		BB0752F42C6B3E6800842062 /* String_MD5.swift */ = {isa = PBXFileReference; fileEncoding = 4; lastKnownFileType = sourcecode.swift; path = String_MD5.swift; sourceTree = "<group>"; };
		BB0752F62C6B3E6800842062 /* URL_Kit.swift */ = {isa = PBXFileReference; fileEncoding = 4; lastKnownFileType = sourcecode.swift; path = URL_Kit.swift; sourceTree = "<group>"; };
		BB0752FA2C6B3E6800842062 /* ListViewRegisterViewProtocol.swift */ = {isa = PBXFileReference; fileEncoding = 4; lastKnownFileType = sourcecode.swift; path = ListViewRegisterViewProtocol.swift; sourceTree = "<group>"; };
		BB0752FC2C6B3E6800842062 /* InterfaceBuilder_Duplicates.swift */ = {isa = PBXFileReference; fileEncoding = 4; lastKnownFileType = sourcecode.swift; path = InterfaceBuilder_Duplicates.swift; sourceTree = "<group>"; };
		BB5198C42B82F01000862CD2 /* ConeMacKit.framework */ = {isa = PBXFileReference; explicitFileType = wrapper.framework; includeInIndex = 0; path = ConeMacKit.framework; sourceTree = BUILT_PRODUCTS_DIR; };
/* End PBXFileReference section */

/* Begin PBXFrameworksBuildPhase section */
		BB5198C12B82F01000862CD2 /* Frameworks */ = {
			isa = PBXFrameworksBuildPhase;
			buildActionMask = 2147483647;
			files = (
			);
			runOnlyForDeploymentPostprocessing = 0;
		};
/* End PBXFrameworksBuildPhase section */

/* Begin PBXGroup section */
		BB0752992C6B3E6800842062 /* Pace */ = {
			isa = PBXGroup;
			children = (
				BB0752972C6B3E6800842062 /* Pace_Zip.swift */,
				BB0752982C6B3E6800842062 /* Pace.swift */,
			);
			path = Pace;
			sourceTree = "<group>";
		};
		BB07529C2C6B3E6800842062 /* ProgressGenerate */ = {
			isa = PBXGroup;
			children = (
				BB07529A2C6B3E6800842062 /* DisplayLink.swift */,
				BB07529B2C6B3E6800842062 /* ProgressGenerate.swift */,
			);
			path = ProgressGenerate;
			sourceTree = "<group>";
		};
		BB07529E2C6B3E6800842062 /* Setter */ = {
			isa = PBXGroup;
			children = (
				BB07529D2C6B3E6800842062 /* Setter.swift */,
			);
			path = Setter;
			sourceTree = "<group>";
		};
		BB0752A32C6B3E6800842062 /* ViewBehaver */ = {
			isa = PBXGroup;
			children = (
				BB07529F2C6B3E6800842062 /* Cursorable.swift */,
				BB0752A02C6B3E6800842062 /* MouseTracker.swift */,
				BB0752A12C6B3E6800842062 /* UserInteractionable.swift */,
				BB0752A22C6B3E6800842062 /* ViewBehaver.swift */,
			);
			path = ViewBehaver;
			sourceTree = "<group>";
		};
		BB0752A92C6B3E6800842062 /* Wrappered */ = {
			isa = PBXGroup;
			children = (
				BB0752A42C6B3E6800842062 /* Blocked.swift */,
				BB0752A52C6B3E6800842062 /* Keychained.swift */,
				BB0752A62C6B3E6800842062 /* Notificated.swift */,
				BB0752A72C6B3E6800842062 /* UserDefaulted.swift */,
				BB0752A82C6B3E6800842062 /* Weak.swift */,
			);
			path = Wrappered;
			sourceTree = "<group>";
		};
		BB0752AA2C6B3E6800842062 /* Component */ = {
			isa = PBXGroup;
			children = (
				BB0752992C6B3E6800842062 /* Pace */,
				BB07529C2C6B3E6800842062 /* ProgressGenerate */,
				BB07529E2C6B3E6800842062 /* Setter */,
				BB0752A32C6B3E6800842062 /* ViewBehaver */,
				BB0752A92C6B3E6800842062 /* Wrappered */,
			);
			path = Component;
			sourceTree = "<group>";
		};
		BB0752AC2C6B3E6800842062 /* ButtonCell */ = {
			isa = PBXGroup;
			children = (
				BB0752AB2C6B3E6800842062 /* SpacingButtonCell.swift */,
			);
			path = ButtonCell;
			sourceTree = "<group>";
		};
		BB0752AF2C6B3E6800842062 /* TextFieldCell */ = {
			isa = PBXGroup;
			children = (
				BB0752AD2C6B3E6800842062 /* CenterSecureTextFieldCell.swift */,
				BB0752AE2C6B3E6800842062 /* CenterTextFieldCell.swift */,
			);
			path = TextFieldCell;
			sourceTree = "<group>";
		};
		BB0752B02C6B3E6800842062 /* CustomCells */ = {
			isa = PBXGroup;
			children = (
				BB0752AC2C6B3E6800842062 /* ButtonCell */,
				BB0752AF2C6B3E6800842062 /* TextFieldCell */,
			);
			path = CustomCells;
			sourceTree = "<group>";
		};
		BB0752B72C6B3E6800842062 /* InteractiveView */ = {
			isa = PBXGroup;
			children = (
				BB0752B12C6B3E6800842062 /* GradientButton.swift */,
				BB0752B22C6B3E6800842062 /* GradientView.swift */,
				BB0752B32C6B3E6800842062 /* Interactive.swift */,
				BB0752B42C6B3E6800842062 /* InteractiveButton.swift */,
				BB0752B52C6B3E6800842062 /* InteractiveLabel.swift */,
				BB0752B62C6B3E6800842062 /* InteractiveView.swift */,
			);
			path = InteractiveView;
			sourceTree = "<group>";
		};
		BB0752B92C6B3E6800842062 /* NibInstantiate */ = {
			isa = PBXGroup;
			children = (
				BB0752B82C6B3E6800842062 /* NibInstantiate.swift */,
			);
			path = NibInstantiate;
			sourceTree = "<group>";
		};
		BB0752BE2C6B3E6800842062 /* Popover */ = {
			isa = PBXGroup;
			children = (
				BB0752BA2C6B3E6800842062 /* NSViewController_Popover.swift */,
				BB0752BB2C6B3E6800842062 /* NSWindow_Popover.swift */,
				BB0752BC2C6B3E6800842062 /* PopoverViewController.swift */,
				BB0752BD2C6B3E6800842062 /* PopoverWindow.swift */,
			);
			path = Popover;
			sourceTree = "<group>";
		};
		BB0752C02C6B3E6800842062 /* ProgressHUD */ = {
			isa = PBXGroup;
			children = (
				BB0752BF2C6B3E6800842062 /* ProgressHUD.swift */,
			);
			path = ProgressHUD;
			sourceTree = "<group>";
		};
		BB0752C22C6B3E6800842062 /* ProgressView */ = {
			isa = PBXGroup;
			children = (
				BB0752C12C6B3E6800842062 /* LineProgressView.swift */,
			);
			path = ProgressView;
			sourceTree = "<group>";
		};
		BB0752C52C6B3E6800842062 /* SecurePlainTextField */ = {
			isa = PBXGroup;
			children = (
				BB0752C32C6B3E6800842062 /* PlainTextField.swift */,
				BB0752C42C6B3E6800842062 /* SecurePlainTextField.swift */,
			);
			path = SecurePlainTextField;
			sourceTree = "<group>";
		};
		BB0752C92C6B3E6800842062 /* SheetWindow */ = {
			isa = PBXGroup;
			children = (
				BB0752C62C6B3E6800842062 /* NSViewController_Sheet.swift */,
				BB0752C72C6B3E6800842062 /* NSWindow_Sheet.swift */,
				BB0752C82C6B3E6800842062 /* SheetWindow.swift */,
			);
			path = SheetWindow;
			sourceTree = "<group>";
		};
		BB0752CB2C6B3E6800842062 /* Slider */ = {
			isa = PBXGroup;
			children = (
				BB0752CA2C6B3E6800842062 /* ConeSlider.swift */,
			);
			path = Slider;
			sourceTree = "<group>";
		};
		BB0752CD2C6B3E6800842062 /* Switch */ = {
			isa = PBXGroup;
			children = (
				BB0752CC2C6B3E6800842062 /* ConeSwitch.swift */,
			);
			path = Switch;
			sourceTree = "<group>";
		};
		BB0752CE2C6B3E6800842062 /* CustomViews */ = {
			isa = PBXGroup;
			children = (
				BB0752B72C6B3E6800842062 /* InteractiveView */,
				BB0752B92C6B3E6800842062 /* NibInstantiate */,
				BB0752BE2C6B3E6800842062 /* Popover */,
				BB0752C02C6B3E6800842062 /* ProgressHUD */,
				BB0752C22C6B3E6800842062 /* ProgressView */,
				BB0752C52C6B3E6800842062 /* SecurePlainTextField */,
				BB0752C92C6B3E6800842062 /* SheetWindow */,
				BB0752CB2C6B3E6800842062 /* Slider */,
				BB0752CD2C6B3E6800842062 /* Switch */,
			);
			path = CustomViews;
			sourceTree = "<group>";
		};
		BB0752D02C6B3E6800842062 /* NSBezierPath */ = {
			isa = PBXGroup;
			children = (
				BB0752CF2C6B3E6800842062 /* NSBezierPath_Kit.swift */,
			);
			path = NSBezierPath;
			sourceTree = "<group>";
		};
		BB0752D22C6B3E6800842062 /* NSButton */ = {
			isa = PBXGroup;
			children = (
				BB0752D12C6B3E6800842062 /* NSButton_Kit.swift */,
			);
			path = NSButton;
			sourceTree = "<group>";
		};
		BB0752D42C6B3E6800842062 /* NSColor */ = {
			isa = PBXGroup;
			children = (
				BB0752D32C6B3E6800842062 /* NSColor_Kit.swift */,
			);
			path = NSColor;
			sourceTree = "<group>";
		};
		BB0752D62C6B3E6800842062 /* NSFont */ = {
			isa = PBXGroup;
			children = (
				BB0752D52C6B3E6800842062 /* NSFont_Kit.swift */,
			);
			path = NSFont;
			sourceTree = "<group>";
		};
		BB0752D82C6B3E6800842062 /* NSLayoutConstraint */ = {
			isa = PBXGroup;
			children = (
				BB0752D72C6B3E6800842062 /* NSLayoutConstraint_Kit.swift */,
			);
			path = NSLayoutConstraint;
			sourceTree = "<group>";
		};
		BB0752DA2C6B3E6800842062 /* NSTableView */ = {
			isa = PBXGroup;
			children = (
				BB0752D92C6B3E6800842062 /* NSTableView_Kit.swift */,
			);
			path = NSTableView;
			sourceTree = "<group>";
		};
		BB0752DC2C6B3E6800842062 /* NSWindow */ = {
			isa = PBXGroup;
			children = (
				BB0752DB2C6B3E6800842062 /* NSWindow_Kit.swift */,
			);
			path = NSWindow;
			sourceTree = "<group>";
		};
		BB0752DD2C6B3E6800842062 /* Cocoa */ = {
			isa = PBXGroup;
			children = (
				BB0752D02C6B3E6800842062 /* NSBezierPath */,
				BB0752D22C6B3E6800842062 /* NSButton */,
				BB0752D42C6B3E6800842062 /* NSColor */,
				BB0752D62C6B3E6800842062 /* NSFont */,
				BB0752D82C6B3E6800842062 /* NSLayoutConstraint */,
				BB0752DA2C6B3E6800842062 /* NSTableView */,
				BB0752DC2C6B3E6800842062 /* NSWindow */,
			);
			path = Cocoa;
			sourceTree = "<group>";
		};
		BB0752DF2C6B3E6800842062 /* Array */ = {
			isa = PBXGroup;
			children = (
				BB0752DE2C6B3E6800842062 /* Array_Kit.swift */,
			);
			path = Array;
			sourceTree = "<group>";
		};
		BB0752E12C6B3E6800842062 /* Bool */ = {
			isa = PBXGroup;
			children = (
				BB0752E02C6B3E6800842062 /* Bool_Kit.swift */,
			);
			path = Bool;
			sourceTree = "<group>";
		};
		BB0752E32C6B3E6800842062 /* CGPoint */ = {
			isa = PBXGroup;
			children = (
				BB0752E22C6B3E6800842062 /* CGPoint_Kit.swift */,
			);
			path = CGPoint;
			sourceTree = "<group>";
		};
		BB0752E52C6B3E6800842062 /* CGRect */ = {
			isa = PBXGroup;
			children = (
				BB0752E42C6B3E6800842062 /* CGRect_Kit.swift */,
			);
			path = CGRect;
			sourceTree = "<group>";
		};
		BB0752E72C6B3E6800842062 /* CGSize */ = {
			isa = PBXGroup;
			children = (
				BB0752E62C6B3E6800842062 /* CGSize_Kit.swift */,
			);
			path = CGSize;
			sourceTree = "<group>";
		};
		BB0752E92C6B3E6800842062 /* Collection */ = {
			isa = PBXGroup;
			children = (
				BB0752E82C6B3E6800842062 /* Collection_Kit.swift */,
			);
			path = Collection;
			sourceTree = "<group>";
		};
		BB0752EB2C6B3E6800842062 /* Data */ = {
			isa = PBXGroup;
			children = (
				BB0752EA2C6B3E6800842062 /* Data_Kit.swift */,
			);
			path = Data;
			sourceTree = "<group>";
		};
		BB0752ED2C6B3E6800842062 /* Date */ = {
			isa = PBXGroup;
			children = (
				BB0752EC2C6B3E6800842062 /* Date_Kit.swift */,
			);
			path = Date;
			sourceTree = "<group>";
		};
		BB0752EF2C6B3E6800842062 /* Dictionary */ = {
			isa = PBXGroup;
			children = (
				BB0752EE2C6B3E6800842062 /* Dictionary_Kit.swift */,
			);
			path = Dictionary;
			sourceTree = "<group>";
		};
		BB0752F12C6B3E6800842062 /* NSObject */ = {
			isa = PBXGroup;
			children = (
				BB0752F02C6B3E6800842062 /* NSObject_Kit.swift */,
			);
			path = NSObject;
			sourceTree = "<group>";
		};
		BB0752F52C6B3E6800842062 /* String */ = {
			isa = PBXGroup;
			children = (
				BB0752F22C6B3E6800842062 /* String_Bundle.swift */,
				BB0752F32C6B3E6800842062 /* String_Kit.swift */,
				BB0752F42C6B3E6800842062 /* String_MD5.swift */,
			);
			path = String;
			sourceTree = "<group>";
		};
		BB0752F72C6B3E6800842062 /* URL */ = {
			isa = PBXGroup;
			children = (
				BB0752F62C6B3E6800842062 /* URL_Kit.swift */,
			);
			path = URL;
			sourceTree = "<group>";
		};
		BB0752F82C6B3E6800842062 /* Foundation */ = {
			isa = PBXGroup;
			children = (
				BB0752DF2C6B3E6800842062 /* Array */,
				BB0752E12C6B3E6800842062 /* Bool */,
				BB0752E32C6B3E6800842062 /* CGPoint */,
				BB0752E52C6B3E6800842062 /* CGRect */,
				BB0752E72C6B3E6800842062 /* CGSize */,
				BB0752E92C6B3E6800842062 /* Collection */,
				BB0752EB2C6B3E6800842062 /* Data */,
				BB0752ED2C6B3E6800842062 /* Date */,
				BB0752EF2C6B3E6800842062 /* Dictionary */,
				BB0752F12C6B3E6800842062 /* NSObject */,
				BB0752F52C6B3E6800842062 /* String */,
				BB0752F72C6B3E6800842062 /* URL */,
			);
			path = Foundation;
			sourceTree = "<group>";
		};
		BB0752F92C6B3E6800842062 /* Extensions */ = {
			isa = PBXGroup;
			children = (
				BB0752DD2C6B3E6800842062 /* Cocoa */,
				BB0752F82C6B3E6800842062 /* Foundation */,
			);
			path = Extensions;
			sourceTree = "<group>";
		};
		BB0752FB2C6B3E6800842062 /* Protocols */ = {
			isa = PBXGroup;
			children = (
				BB0752FA2C6B3E6800842062 /* ListViewRegisterViewProtocol.swift */,
			);
			path = Protocols;
			sourceTree = "<group>";
		};
		BB0752FD2C6B3E6800842062 /* ConeMacKit */ = {
			isa = PBXGroup;
			children = (
				BB0752AA2C6B3E6800842062 /* Component */,
				BB0752B02C6B3E6800842062 /* CustomCells */,
				BB0752CE2C6B3E6800842062 /* CustomViews */,
				BB0752F92C6B3E6800842062 /* Extensions */,
				BB0752FB2C6B3E6800842062 /* Protocols */,
				BB0752FC2C6B3E6800842062 /* InterfaceBuilder_Duplicates.swift */,
			);
			name = ConeMacKit;
			path = Sources/ConeMacKit;
			sourceTree = "<group>";
		};
		BB5198BA2B82F01000862CD2 = {
			isa = PBXGroup;
			children = (
				BB0752FD2C6B3E6800842062 /* ConeMacKit */,
				BB5198C52B82F01000862CD2 /* Products */,
			);
			sourceTree = "<group>";
		};
		BB5198C52B82F01000862CD2 /* Products */ = {
			isa = PBXGroup;
			children = (
				BB5198C42B82F01000862CD2 /* ConeMacKit.framework */,
			);
			name = Products;
			sourceTree = "<group>";
		};
/* End PBXGroup section */

/* Begin PBXHeadersBuildPhase section */
		BB5198BF2B82F01000862CD2 /* Headers */ = {
			isa = PBXHeadersBuildPhase;
			buildActionMask = 2147483647;
			files = (
			);
			runOnlyForDeploymentPostprocessing = 0;
		};
/* End PBXHeadersBuildPhase section */

/* Begin PBXNativeTarget section */
		BB5198C32B82F01000862CD2 /* ConeMacKit */ = {
			isa = PBXNativeTarget;
			buildConfigurationList = BB5198CB2B82F01000862CD2 /* Build configuration list for PBXNativeTarget "ConeMacKit" */;
			buildPhases = (
				BB5198BF2B82F01000862CD2 /* Headers */,
				BB5198C02B82F01000862CD2 /* Sources */,
				BB5198C12B82F01000862CD2 /* Frameworks */,
				BB5198C22B82F01000862CD2 /* Resources */,
			);
			buildRules = (
			);
			dependencies = (
			);
			name = ConeMacKit;
			productName = ConeMacKit;
			productReference = BB5198C42B82F01000862CD2 /* ConeMacKit.framework */;
			productType = "com.apple.product-type.framework";
		};
/* End PBXNativeTarget section */

/* Begin PBXProject section */
		BB5198BB2B82F01000862CD2 /* Project object */ = {
			isa = PBXProject;
			attributes = {
				BuildIndependentTargetsInParallel = 1;
				LastUpgradeCheck = 1530;
				TargetAttributes = {
					BB5198C32B82F01000862CD2 = {
						CreatedOnToolsVersion = 15.2;
						LastSwiftMigration = 1520;
					};
				};
			};
			buildConfigurationList = BB5198BE2B82F01000862CD2 /* Build configuration list for PBXProject "ConeMacKit" */;
			compatibilityVersion = "Xcode 14.0";
			developmentRegion = en;
			hasScannedForEncodings = 0;
			knownRegions = (
				en,
				Base,
			);
			mainGroup = BB5198BA2B82F01000862CD2;
			productRefGroup = BB5198C52B82F01000862CD2 /* Products */;
			projectDirPath = "";
			projectRoot = "";
			targets = (
				BB5198C32B82F01000862CD2 /* ConeMacKit */,
			);
		};
/* End PBXProject section */

/* Begin PBXResourcesBuildPhase section */
		BB5198C22B82F01000862CD2 /* Resources */ = {
			isa = PBXResourcesBuildPhase;
			buildActionMask = 2147483647;
			files = (
			);
			runOnlyForDeploymentPostprocessing = 0;
		};
/* End PBXResourcesBuildPhase section */

/* Begin PBXSourcesBuildPhase section */
		BB5198C02B82F01000862CD2 /* Sources */ = {
			isa = PBXSourcesBuildPhase;
			buildActionMask = 2147483647;
			files = (
				BB07531F2C6B3E6800842062 /* NSWindow_Sheet.swift in Sources */,
				BB0753102C6B3E6800842062 /* GradientView.swift in Sources */,
				BB0753062C6B3E6800842062 /* ViewBehaver.swift in Sources */,
				BB0753392C6B3E6800842062 /* InterfaceBuilder_Duplicates.swift in Sources */,
				BB0753242C6B3E6800842062 /* NSButton_Kit.swift in Sources */,
				BB0753362C6B3E6800842062 /* String_MD5.swift in Sources */,
				BB07532B2C6B3E6800842062 /* Bool_Kit.swift in Sources */,
				BB07531A2C6B3E6800842062 /* ProgressHUD.swift in Sources */,
				BB0753292C6B3E6800842062 /* NSWindow_Kit.swift in Sources */,
				BB0753372C6B3E6800842062 /* URL_Kit.swift in Sources */,
				BB0753172C6B3E6800842062 /* NSWindow_Popover.swift in Sources */,
				BB0752FF2C6B3E6800842062 /* Pace.swift in Sources */,
				BB0753072C6B3E6800842062 /* Blocked.swift in Sources */,
				BB07532D2C6B3E6800842062 /* CGRect_Kit.swift in Sources */,
				BB0753042C6B3E6800842062 /* MouseTracker.swift in Sources */,
				BB0753132C6B3E6800842062 /* InteractiveLabel.swift in Sources */,
				BB0753012C6B3E6800842062 /* ProgressGenerate.swift in Sources */,
				BB0753252C6B3E6800842062 /* NSColor_Kit.swift in Sources */,
				BB0753262C6B3E6800842062 /* NSFont_Kit.swift in Sources */,
				BB0753202C6B3E6800842062 /* SheetWindow.swift in Sources */,
				BB0753222C6B3E6800842062 /* ConeSwitch.swift in Sources */,
				BB0753082C6B3E6800842062 /* Keychained.swift in Sources */,
				BB0753272C6B3E6800842062 /* NSLayoutConstraint_Kit.swift in Sources */,
				BB0753092C6B3E6800842062 /* Notificated.swift in Sources */,
				BB0753022C6B3E6800842062 /* Setter.swift in Sources */,
				BB0753002C6B3E6800842062 /* DisplayLink.swift in Sources */,
				BB07531B2C6B3E6800842062 /* LineProgressView.swift in Sources */,
				BB07530A2C6B3E6800842062 /* UserDefaulted.swift in Sources */,
				BB0753352C6B3E6800842062 /* String_Kit.swift in Sources */,
				BB0753192C6B3E6800842062 /* PopoverWindow.swift in Sources */,
				BB0752FE2C6B3E6800842062 /* Pace_Zip.swift in Sources */,
				BB07530D2C6B3E6800842062 /* CenterSecureTextFieldCell.swift in Sources */,
				BB0753382C6B3E6800842062 /* ListViewRegisterViewProtocol.swift in Sources */,
				BB0753032C6B3E6800842062 /* Cursorable.swift in Sources */,
				BB0753182C6B3E6800842062 /* PopoverViewController.swift in Sources */,
				BB0753112C6B3E6800842062 /* Interactive.swift in Sources */,
				BB07530F2C6B3E6800842062 /* GradientButton.swift in Sources */,
				BB0753332C6B3E6800842062 /* NSObject_Kit.swift in Sources */,
				BB07532C2C6B3E6800842062 /* CGPoint_Kit.swift in Sources */,
				BB07531C2C6B3E6800842062 /* PlainTextField.swift in Sources */,
				BB0753312C6B3E6800842062 /* Date_Kit.swift in Sources */,
				BB07530E2C6B3E6800842062 /* CenterTextFieldCell.swift in Sources */,
				BB0753232C6B3E6800842062 /* NSBezierPath_Kit.swift in Sources */,
				BB07530C2C6B3E6800842062 /* SpacingButtonCell.swift in Sources */,
				BB07532A2C6B3E6800842062 /* Array_Kit.swift in Sources */,
				BB07531D2C6B3E6800842062 /* SecurePlainTextField.swift in Sources */,
				BB0753122C6B3E6800842062 /* InteractiveButton.swift in Sources */,
				BB0753152C6B3E6800842062 /* NibInstantiate.swift in Sources */,
				BB0753052C6B3E6800842062 /* UserInteractionable.swift in Sources */,
				BB0753212C6B3E6800842062 /* ConeSlider.swift in Sources */,
				BB0753302C6B3E6800842062 /* Data_Kit.swift in Sources */,
				BB0753282C6B3E6800842062 /* NSTableView_Kit.swift in Sources */,
				BB07531E2C6B3E6800842062 /* NSViewController_Sheet.swift in Sources */,
				BB07532E2C6B3E6800842062 /* CGSize_Kit.swift in Sources */,
				BB0753322C6B3E6800842062 /* Dictionary_Kit.swift in Sources */,
				BB0753342C6B3E6800842062 /* String_Bundle.swift in Sources */,
				BB07532F2C6B3E6800842062 /* Collection_Kit.swift in Sources */,
				BB0753142C6B3E6800842062 /* InteractiveView.swift in Sources */,
				BB07530B2C6B3E6800842062 /* Weak.swift in Sources */,
				BB0753162C6B3E6800842062 /* NSViewController_Popover.swift in Sources */,
			);
			runOnlyForDeploymentPostprocessing = 0;
		};
/* End PBXSourcesBuildPhase section */

/* Begin XCBuildConfiguration section */
		BB5198C92B82F01000862CD2 /* Debug */ = {
			isa = XCBuildConfiguration;
			buildSettings = {
				ALWAYS_SEARCH_USER_PATHS = NO;
				ASSETCATALOG_COMPILER_GENERATE_SWIFT_ASSET_SYMBOL_EXTENSIONS = YES;
				CLANG_ANALYZER_NONNULL = YES;
				CLANG_ANALYZER_NUMBER_OBJECT_CONVERSION = YES_AGGRESSIVE;
				CLANG_CXX_LANGUAGE_STANDARD = "gnu++20";
				CLANG_ENABLE_MODULES = YES;
				CLANG_ENABLE_OBJC_ARC = YES;
				CLANG_ENABLE_OBJC_WEAK = YES;
				CLANG_WARN_BLOCK_CAPTURE_AUTORELEASING = YES;
				CLANG_WARN_BOOL_CONVERSION = YES;
				CLANG_WARN_COMMA = YES;
				CLANG_WARN_CONSTANT_CONVERSION = YES;
				CLANG_WARN_DEPRECATED_OBJC_IMPLEMENTATIONS = YES;
				CLANG_WARN_DIRECT_OBJC_ISA_USAGE = YES_ERROR;
				CLANG_WARN_DOCUMENTATION_COMMENTS = YES;
				CLANG_WARN_EMPTY_BODY = YES;
				CLANG_WARN_ENUM_CONVERSION = YES;
				CLANG_WARN_INFINITE_RECURSION = YES;
				CLANG_WARN_INT_CONVERSION = YES;
				CLANG_WARN_NON_LITERAL_NULL_CONVERSION = YES;
				CLANG_WARN_OBJC_IMPLICIT_RETAIN_SELF = YES;
				CLANG_WARN_OBJC_LITERAL_CONVERSION = YES;
				CLANG_WARN_OBJC_ROOT_CLASS = YES_ERROR;
				CLANG_WARN_QUOTED_INCLUDE_IN_FRAMEWORK_HEADER = YES;
				CLANG_WARN_RANGE_LOOP_ANALYSIS = YES;
				CLANG_WARN_STRICT_PROTOTYPES = YES;
				CLANG_WARN_SUSPICIOUS_MOVE = YES;
				CLANG_WARN_UNGUARDED_AVAILABILITY = YES_AGGRESSIVE;
				CLANG_WARN_UNREACHABLE_CODE = YES;
				CLANG_WARN__DUPLICATE_METHOD_MATCH = YES;
				COPY_PHASE_STRIP = NO;
				CURRENT_PROJECT_VERSION = 1;
				DEAD_CODE_STRIPPING = YES;
				DEBUG_INFORMATION_FORMAT = dwarf;
				ENABLE_STRICT_OBJC_MSGSEND = YES;
				ENABLE_TESTABILITY = YES;
				ENABLE_USER_SCRIPT_SANDBOXING = YES;
				GCC_C_LANGUAGE_STANDARD = gnu17;
				GCC_DYNAMIC_NO_PIC = NO;
				GCC_NO_COMMON_BLOCKS = YES;
				GCC_OPTIMIZATION_LEVEL = 0;
				GCC_PREPROCESSOR_DEFINITIONS = (
					"DEBUG=1",
					"$(inherited)",
				);
				GCC_WARN_64_TO_32_BIT_CONVERSION = YES;
				GCC_WARN_ABOUT_RETURN_TYPE = YES_ERROR;
				GCC_WARN_UNDECLARED_SELECTOR = YES;
				GCC_WARN_UNINITIALIZED_AUTOS = YES_AGGRESSIVE;
				GCC_WARN_UNUSED_FUNCTION = YES;
				GCC_WARN_UNUSED_VARIABLE = YES;
				LOCALIZATION_PREFERS_STRING_CATALOGS = YES;
				MACOSX_DEPLOYMENT_TARGET = 10.13;
				MTL_ENABLE_DEBUG_INFO = INCLUDE_SOURCE;
				MTL_FAST_MATH = YES;
				ONLY_ACTIVE_ARCH = YES;
				SDKROOT = macosx;
				SWIFT_ACTIVE_COMPILATION_CONDITIONS = "DEBUG $(inherited)";
				SWIFT_OPTIMIZATION_LEVEL = "-Onone";
				VERSIONING_SYSTEM = "apple-generic";
				VERSION_INFO_PREFIX = "";
			};
			name = Debug;
		};
		BB5198CA2B82F01000862CD2 /* Release */ = {
			isa = XCBuildConfiguration;
			buildSettings = {
				ALWAYS_SEARCH_USER_PATHS = NO;
				ASSETCATALOG_COMPILER_GENERATE_SWIFT_ASSET_SYMBOL_EXTENSIONS = YES;
				CLANG_ANALYZER_NONNULL = YES;
				CLANG_ANALYZER_NUMBER_OBJECT_CONVERSION = YES_AGGRESSIVE;
				CLANG_CXX_LANGUAGE_STANDARD = "gnu++20";
				CLANG_ENABLE_MODULES = YES;
				CLANG_ENABLE_OBJC_ARC = YES;
				CLANG_ENABLE_OBJC_WEAK = YES;
				CLANG_WARN_BLOCK_CAPTURE_AUTORELEASING = YES;
				CLANG_WARN_BOOL_CONVERSION = YES;
				CLANG_WARN_COMMA = YES;
				CLANG_WARN_CONSTANT_CONVERSION = YES;
				CLANG_WARN_DEPRECATED_OBJC_IMPLEMENTATIONS = YES;
				CLANG_WARN_DIRECT_OBJC_ISA_USAGE = YES_ERROR;
				CLANG_WARN_DOCUMENTATION_COMMENTS = YES;
				CLANG_WARN_EMPTY_BODY = YES;
				CLANG_WARN_ENUM_CONVERSION = YES;
				CLANG_WARN_INFINITE_RECURSION = YES;
				CLANG_WARN_INT_CONVERSION = YES;
				CLANG_WARN_NON_LITERAL_NULL_CONVERSION = YES;
				CLANG_WARN_OBJC_IMPLICIT_RETAIN_SELF = YES;
				CLANG_WARN_OBJC_LITERAL_CONVERSION = YES;
				CLANG_WARN_OBJC_ROOT_CLASS = YES_ERROR;
				CLANG_WARN_QUOTED_INCLUDE_IN_FRAMEWORK_HEADER = YES;
				CLANG_WARN_RANGE_LOOP_ANALYSIS = YES;
				CLANG_WARN_STRICT_PROTOTYPES = YES;
				CLANG_WARN_SUSPICIOUS_MOVE = YES;
				CLANG_WARN_UNGUARDED_AVAILABILITY = YES_AGGRESSIVE;
				CLANG_WARN_UNREACHABLE_CODE = YES;
				CLANG_WARN__DUPLICATE_METHOD_MATCH = YES;
				COPY_PHASE_STRIP = NO;
				CURRENT_PROJECT_VERSION = 1;
				DEAD_CODE_STRIPPING = YES;
				DEBUG_INFORMATION_FORMAT = "dwarf-with-dsym";
				ENABLE_NS_ASSERTIONS = NO;
				ENABLE_STRICT_OBJC_MSGSEND = YES;
				ENABLE_USER_SCRIPT_SANDBOXING = YES;
				GCC_C_LANGUAGE_STANDARD = gnu17;
				GCC_NO_COMMON_BLOCKS = YES;
				GCC_WARN_64_TO_32_BIT_CONVERSION = YES;
				GCC_WARN_ABOUT_RETURN_TYPE = YES_ERROR;
				GCC_WARN_UNDECLARED_SELECTOR = YES;
				GCC_WARN_UNINITIALIZED_AUTOS = YES_AGGRESSIVE;
				GCC_WARN_UNUSED_FUNCTION = YES;
				GCC_WARN_UNUSED_VARIABLE = YES;
				LOCALIZATION_PREFERS_STRING_CATALOGS = YES;
				MACOSX_DEPLOYMENT_TARGET = 10.13;
				MTL_ENABLE_DEBUG_INFO = NO;
				MTL_FAST_MATH = YES;
				SDKROOT = macosx;
				SWIFT_COMPILATION_MODE = wholemodule;
				VERSIONING_SYSTEM = "apple-generic";
				VERSION_INFO_PREFIX = "";
			};
			name = Release;
		};
		BB5198CC2B82F01000862CD2 /* Debug */ = {
			isa = XCBuildConfiguration;
			buildSettings = {
				CLANG_ENABLE_MODULES = YES;
				CODE_SIGN_IDENTITY = "";
				CODE_SIGN_STYLE = Automatic;
				COMBINE_HIDPI_IMAGES = YES;
				CURRENT_PROJECT_VERSION = 1;
				DEAD_CODE_STRIPPING = YES;
				DEFINES_MODULE = YES;
				DEVELOPMENT_TEAM = DVC68VF78L;
				DYLIB_COMPATIBILITY_VERSION = 1;
				DYLIB_CURRENT_VERSION = 1;
				DYLIB_INSTALL_NAME_BASE = "@rpath";
				ENABLE_MODULE_VERIFIER = YES;
				GENERATE_INFOPLIST_FILE = YES;
				INFOPLIST_KEY_NSHumanReadableCopyright = "";
				INSTALL_PATH = "$(LOCAL_LIBRARY_DIR)/Frameworks";
				LD_RUNPATH_SEARCH_PATHS = (
					"$(inherited)",
					"@executable_path/../Frameworks",
					"@loader_path/Frameworks",
				);
				MACOSX_DEPLOYMENT_TARGET = 10.13;
				MARKETING_VERSION = 1.0;
				MODULE_VERIFIER_SUPPORTED_LANGUAGES = "objective-c objective-c++";
				MODULE_VERIFIER_SUPPORTED_LANGUAGE_STANDARDS = "gnu17 gnu++20";
				PRODUCT_BUNDLE_IDENTIFIER = com.hanqi.ConeMacKit;
				PRODUCT_NAME = "$(TARGET_NAME:c99extidentifier)";
				SKIP_INSTALL = YES;
				SWIFT_EMIT_LOC_STRINGS = YES;
				SWIFT_OPTIMIZATION_LEVEL = "-Onone";
				SWIFT_VERSION = 5.0;
			};
			name = Debug;
		};
		BB5198CD2B82F01000862CD2 /* Release */ = {
			isa = XCBuildConfiguration;
			buildSettings = {
				CLANG_ENABLE_MODULES = YES;
				CODE_SIGN_IDENTITY = "";
				CODE_SIGN_STYLE = Automatic;
				COMBINE_HIDPI_IMAGES = YES;
				CURRENT_PROJECT_VERSION = 1;
				DEAD_CODE_STRIPPING = YES;
				DEFINES_MODULE = YES;
				DEVELOPMENT_TEAM = DVC68VF78L;
				DYLIB_COMPATIBILITY_VERSION = 1;
				DYLIB_CURRENT_VERSION = 1;
				DYLIB_INSTALL_NAME_BASE = "@rpath";
				ENABLE_MODULE_VERIFIER = YES;
				GENERATE_INFOPLIST_FILE = YES;
				INFOPLIST_KEY_NSHumanReadableCopyright = "";
				INSTALL_PATH = "$(LOCAL_LIBRARY_DIR)/Frameworks";
				LD_RUNPATH_SEARCH_PATHS = (
					"$(inherited)",
					"@executable_path/../Frameworks",
					"@loader_path/Frameworks",
				);
				MACOSX_DEPLOYMENT_TARGET = 10.13;
				MARKETING_VERSION = 1.0;
				MODULE_VERIFIER_SUPPORTED_LANGUAGES = "objective-c objective-c++";
				MODULE_VERIFIER_SUPPORTED_LANGUAGE_STANDARDS = "gnu17 gnu++20";
				PRODUCT_BUNDLE_IDENTIFIER = com.hanqi.ConeMacKit;
				PRODUCT_NAME = "$(TARGET_NAME:c99extidentifier)";
				SKIP_INSTALL = YES;
				SWIFT_EMIT_LOC_STRINGS = YES;
				SWIFT_VERSION = 5.0;
			};
			name = Release;
		};
/* End XCBuildConfiguration section */

/* Begin XCConfigurationList section */
		BB5198BE2B82F01000862CD2 /* Build configuration list for PBXProject "ConeMacKit" */ = {
			isa = XCConfigurationList;
			buildConfigurations = (
				BB5198C92B82F01000862CD2 /* Debug */,
				BB5198CA2B82F01000862CD2 /* Release */,
			);
			defaultConfigurationIsVisible = 0;
			defaultConfigurationName = Release;
		};
		BB5198CB2B82F01000862CD2 /* Build configuration list for PBXNativeTarget "ConeMacKit" */ = {
			isa = XCConfigurationList;
			buildConfigurations = (
				BB5198CC2B82F01000862CD2 /* Debug */,
				BB5198CD2B82F01000862CD2 /* Release */,
			);
			defaultConfigurationIsVisible = 0;
			defaultConfigurationName = Release;
		};
/* End XCConfigurationList section */
	};
	rootObject = BB5198BB2B82F01000862CD2 /* Project object */;
}
